
Microsoft Visual Studio Solution File, Format Version 12.00
# Visual Studio Version 16
VisualStudioVersion = 16.0.32106.194
MinimumVisualStudioVersion = 10.0.40219.1
Project("{FAE04EC0-301F-11D3-BF4B-00C04F79EFBC}") = "ConsoleApp1", "ConsoleApp1\ConsoleApp1.csproj", "{1A7286A4-A173-4F7C-8F6A-E0EA3936F77C}"
EndProject
Global
	GlobalSection(SolutionConfigurationPlatforms) = preSolution
		Debug|Any CPU = Debug|Any CPU
		Release|Any CPU = Release|Any CPU
	EndGlobalSection
	GlobalSection(ProjectConfigurationPlatforms) = postSolution
		{1A7286A4-A173-4F7C-8F6A-E0EA3936F77C}.Debug|Any CPU.ActiveCfg = Debug|Any CPU
		{1A7286A4-A173-4F7C-8F6A-E0EA3936F77C}.Debug|Any CPU.Build.0 = Debug|Any CPU
		{1A7286A4-A173-4F7C-8F6A-E0EA3936F77C}.Release|Any CPU.ActiveCfg = Release|Any CPU
		{1A7286A4-A173-4F7C-8F6A-E0EA3936F77C}.Release|Any CPU.Build.0 = Release|Any CPU
	EndGlobalSection
	GlobalSection(SolutionProperties) = preSolution
		HideSolutionNode = FALSE
	EndGlobalSection
	GlobalSection(ExtensibilityGlobals) = postSolution
		SolutionGuid = {A041306B-FD28-4EA8-A08D-B8E8F193BD9A}
	EndGlobalSection
EndGlobal
